
Microsoft Visual Studio Solution File, Format Version 12.00
# Visual Studio Version 16
VisualStudioVersion = 16.0.30114.105
MinimumVisualStudioVersion = 10.0.40219.1
Project("{2150E333-8FDC-42A3-9474-1A3956D46DE8}") = "01-CONSOLEAPP", "01-CONSOLEAPP", "{CAF7334C-526C-4557-82CC-4FE76DB4961D}"
EndProject
Project("{9A19103F-16F7-4668-BE54-9A1E7A4F7556}") = "baseConsole_net5", "src\ConsoleApp\baseConsole_net5.csproj", "{C54D2F15-7840-485A-8552-6AD94BA9C9DD}"
EndProject
Project("{2150E333-8FDC-42A3-9474-1A3956D46DE8}") = "02-SERVICES", "02-SERVICES", "{70C78B6D-B3AD-4C53-8049-BEACC1844434}"
EndProject
Project("{9A19103F-16F7-4668-BE54-9A1E7A4F7556}") = "Services", "src\Services\Services.csproj", "{6807577B-E035-4E2C-A203-26AE3E3B51DB}"
EndProject
Project("{2150E333-8FDC-42A3-9474-1A3956D46DE8}") = "03-MODELS", "03-MODELS", "{502D2BC0-F532-46B6-86FB-E71D0E8FD5CD}"
EndProject
Project("{9A19103F-16F7-4668-BE54-9A1E7A4F7556}") = "Models.Domain", "src\Models.Domain\Models.Domain.csproj", "{DECBDCE2-A4A7-4502-A27F-ECB64D9815CF}"
EndProject
Project("{2150E333-8FDC-42A3-9474-1A3956D46DE8}") = "04-PERSISTENCE", "04-PERSISTENCE", "{4EA000A2-3F9F-47C5-959D-2FE3F174F570}"
EndProject
Project("{9A19103F-16F7-4668-BE54-9A1E7A4F7556}") = "Orm.DataBase", "src\Orm.DataBase\Orm.DataBase.csproj", "{A63A7B9A-260A-4983-946C-6C61F51C0EDF}"
EndProject
Project("{9A19103F-16F7-4668-BE54-9A1E7A4F7556}") = "Models.DTOS", "src\Models.DTOS\Models.DTOS.csproj", "{4ED55F7B-6E46-4E2F-8941-ABF56F3F0FBB}"
EndProject
Global
	GlobalSection(SolutionConfigurationPlatforms) = preSolution
		Debug|Any CPU = Debug|Any CPU
		Debug|x64 = Debug|x64
		Debug|x86 = Debug|x86
		Release|Any CPU = Release|Any CPU
		Release|x64 = Release|x64
		Release|x86 = Release|x86
	EndGlobalSection
	GlobalSection(ProjectConfigurationPlatforms) = postSolution
		{C54D2F15-7840-485A-8552-6AD94BA9C9DD}.Debug|Any CPU.ActiveCfg = Debug|Any CPU
		{C54D2F15-7840-485A-8552-6AD94BA9C9DD}.Debug|Any CPU.Build.0 = Debug|Any CPU
		{C54D2F15-7840-485A-8552-6AD94BA9C9DD}.Debug|x64.ActiveCfg = Debug|Any CPU
		{C54D2F15-7840-485A-8552-6AD94BA9C9DD}.Debug|x64.Build.0 = Debug|Any CPU
		{C54D2F15-7840-485A-8552-6AD94BA9C9DD}.Debug|x86.ActiveCfg = Debug|Any CPU
		{C54D2F15-7840-485A-8552-6AD94BA9C9DD}.Debug|x86.Build.0 = Debug|Any CPU
		{C54D2F15-7840-485A-8552-6AD94BA9C9DD}.Release|Any CPU.ActiveCfg = Release|Any CPU
		{C54D2F15-7840-485A-8552-6AD94BA9C9DD}.Release|Any CPU.Build.0 = Release|Any CPU
		{C54D2F15-7840-485A-8552-6AD94BA9C9DD}.Release|x64.ActiveCfg = Release|Any CPU
		{C54D2F15-7840-485A-8552-6AD94BA9C9DD}.Release|x64.Build.0 = Release|Any CPU
		{C54D2F15-7840-485A-8552-6AD94BA9C9DD}.Release|x86.ActiveCfg = Release|Any CPU
		{C54D2F15-7840-485A-8552-6AD94BA9C9DD}.Release|x86.Build.0 = Release|Any CPU
		{6807577B-E035-4E2C-A203-26AE3E3B51DB}.Debug|Any CPU.ActiveCfg = Debug|Any CPU
		{6807577B-E035-4E2C-A203-26AE3E3B51DB}.Debug|Any CPU.Build.0 = Debug|Any CPU
		{6807577B-E035-4E2C-A203-26AE3E3B51DB}.Debug|x64.ActiveCfg = Debug|Any CPU
		{6807577B-E035-4E2C-A203-26AE3E3B51DB}.Debug|x64.Build.0 = Debug|Any CPU
		{6807577B-E035-4E2C-A203-26AE3E3B51DB}.Debug|x86.ActiveCfg = Debug|Any CPU
		{6807577B-E035-4E2C-A203-26AE3E3B51DB}.Debug|x86.Build.0 = Debug|Any CPU
		{6807577B-E035-4E2C-A203-26AE3E3B51DB}.Release|Any CPU.ActiveCfg = Release|Any CPU
		{6807577B-E035-4E2C-A203-26AE3E3B51DB}.Release|Any CPU.Build.0 = Release|Any CPU
		{6807577B-E035-4E2C-A203-26AE3E3B51DB}.Release|x64.ActiveCfg = Release|Any CPU
		{6807577B-E035-4E2C-A203-26AE3E3B51DB}.Release|x64.Build.0 = Release|Any CPU
		{6807577B-E035-4E2C-A203-26AE3E3B51DB}.Release|x86.ActiveCfg = Release|Any CPU
		{6807577B-E035-4E2C-A203-26AE3E3B51DB}.Release|x86.Build.0 = Release|Any CPU
		{DECBDCE2-A4A7-4502-A27F-ECB64D9815CF}.Debug|Any CPU.ActiveCfg = Debug|Any CPU
		{DECBDCE2-A4A7-4502-A27F-ECB64D9815CF}.Debug|Any CPU.Build.0 = Debug|Any CPU
		{DECBDCE2-A4A7-4502-A27F-ECB64D9815CF}.Debug|x64.ActiveCfg = Debug|Any CPU
		{DECBDCE2-A4A7-4502-A27F-ECB64D9815CF}.Debug|x64.Build.0 = Debug|Any CPU
		{DECBDCE2-A4A7-4502-A27F-ECB64D9815CF}.Debug|x86.ActiveCfg = Debug|Any CPU
		{DECBDCE2-A4A7-4502-A27F-ECB64D9815CF}.Debug|x86.Build.0 = Debug|Any CPU
		{DECBDCE2-A4A7-4502-A27F-ECB64D9815CF}.Release|Any CPU.ActiveCfg = Release|Any CPU
		{DECBDCE2-A4A7-4502-A27F-ECB64D9815CF}.Release|Any CPU.Build.0 = Release|Any CPU
		{DECBDCE2-A4A7-4502-A27F-ECB64D9815CF}.Release|x64.ActiveCfg = Release|Any CPU
		{DECBDCE2-A4A7-4502-A27F-ECB64D9815CF}.Release|x64.Build.0 = Release|Any CPU
		{DECBDCE2-A4A7-4502-A27F-ECB64D9815CF}.Release|x86.ActiveCfg = Release|Any CPU
		{DECBDCE2-A4A7-4502-A27F-ECB64D9815CF}.Release|x86.Build.0 = Release|Any CPU
		{A63A7B9A-260A-4983-946C-6C61F51C0EDF}.Debug|Any CPU.ActiveCfg = Debug|Any CPU
		{A63A7B9A-260A-4983-946C-6C61F51C0EDF}.Debug|Any CPU.Build.0 = Debug|Any CPU
		{A63A7B9A-260A-4983-946C-6C61F51C0EDF}.Debug|x64.ActiveCfg = Debug|Any CPU
		{A63A7B9A-260A-4983-946C-6C61F51C0EDF}.Debug|x64.Build.0 = Debug|Any CPU
		{A63A7B9A-260A-4983-946C-6C61F51C0EDF}.Debug|x86.ActiveCfg = Debug|Any CPU
		{A63A7B9A-260A-4983-946C-6C61F51C0EDF}.Debug|x86.Build.0 = Debug|Any CPU
		{A63A7B9A-260A-4983-946C-6C61F51C0EDF}.Release|Any CPU.ActiveCfg = Release|Any CPU
		{A63A7B9A-260A-4983-946C-6C61F51C0EDF}.Release|Any CPU.Build.0 = Release|Any CPU
		{A63A7B9A-260A-4983-946C-6C61F51C0EDF}.Release|x64.ActiveCfg = Release|Any CPU
		{A63A7B9A-260A-4983-946C-6C61F51C0EDF}.Release|x64.Build.0 = Release|Any CPU
		{A63A7B9A-260A-4983-946C-6C61F51C0EDF}.Release|x86.ActiveCfg = Release|Any CPU
		{A63A7B9A-260A-4983-946C-6C61F51C0EDF}.Release|x86.Build.0 = Release|Any CPU
		{4ED55F7B-6E46-4E2F-8941-ABF56F3F0FBB}.Debug|Any CPU.ActiveCfg = Debug|Any CPU
		{4ED55F7B-6E46-4E2F-8941-ABF56F3F0FBB}.Debug|Any CPU.Build.0 = Debug|Any CPU
		{4ED55F7B-6E46-4E2F-8941-ABF56F3F0FBB}.Debug|x64.ActiveCfg = Debug|Any CPU
		{4ED55F7B-6E46-4E2F-8941-ABF56F3F0FBB}.Debug|x64.Build.0 = Debug|Any CPU
		{4ED55F7B-6E46-4E2F-8941-ABF56F3F0FBB}.Debug|x86.ActiveCfg = Debug|Any CPU
		{4ED55F7B-6E46-4E2F-8941-ABF56F3F0FBB}.Debug|x86.Build.0 = Debug|Any CPU
		{4ED55F7B-6E46-4E2F-8941-ABF56F3F0FBB}.Release|Any CPU.ActiveCfg = Release|Any CPU
		{4ED55F7B-6E46-4E2F-8941-ABF56F3F0FBB}.Release|Any CPU.Build.0 = Release|Any CPU
		{4ED55F7B-6E46-4E2F-8941-ABF56F3F0FBB}.Release|x64.ActiveCfg = Release|Any CPU
		{4ED55F7B-6E46-4E2F-8941-ABF56F3F0FBB}.Release|x64.Build.0 = Release|Any CPU
		{4ED55F7B-6E46-4E2F-8941-ABF56F3F0FBB}.Release|x86.ActiveCfg = Release|Any CPU
		{4ED55F7B-6E46-4E2F-8941-ABF56F3F0FBB}.Release|x86.Build.0 = Release|Any CPU
	EndGlobalSection
	GlobalSection(SolutionProperties) = preSolution
		HideSolutionNode = FALSE
	EndGlobalSection
	GlobalSection(NestedProjects) = preSolution
		{C54D2F15-7840-485A-8552-6AD94BA9C9DD} = {CAF7334C-526C-4557-82CC-4FE76DB4961D}
		{6807577B-E035-4E2C-A203-26AE3E3B51DB} = {70C78B6D-B3AD-4C53-8049-BEACC1844434}
		{DECBDCE2-A4A7-4502-A27F-ECB64D9815CF} = {502D2BC0-F532-46B6-86FB-E71D0E8FD5CD}
		{A63A7B9A-260A-4983-946C-6C61F51C0EDF} = {4EA000A2-3F9F-47C5-959D-2FE3F174F570}
		{4ED55F7B-6E46-4E2F-8941-ABF56F3F0FBB} = {502D2BC0-F532-46B6-86FB-E71D0E8FD5CD}
	EndGlobalSection
	GlobalSection(ExtensibilityGlobals) = postSolution
		SolutionGuid = {9EB56E34-76F3-499A-BE8C-1694987C52B8}
	EndGlobalSection
EndGlobal
